
Microsoft Visual Studio Solution File, Format Version 12.00
# Visual Studio Version 17
VisualStudioVersion = 17.8.34316.72
MinimumVisualStudioVersion = 10.0.40219.1
Project("{FAE04EC0-301F-11D3-BF4B-00C04F79EFBC}") = "BlazorEcommerce.Server", "BlazorEcommerce\Server\BlazorEcommerce.Server.csproj", "{AB5E7F26-C1E6-4F85-9661-64FEE9E8A8A1}"
EndProject
Project("{FAE04EC0-301F-11D3-BF4B-00C04F79EFBC}") = "BlazorEcommerce.Client", "BlazorEcommerce\Client\BlazorEcommerce.Client.csproj", "{0D718401-7D01-405E-AE16-0D741AC19546}"
EndProject
Project("{FAE04EC0-301F-11D3-BF4B-00C04F79EFBC}") = "BlazorEcommerce.Shared", "BlazorEcommerce\Shared\BlazorEcommerce.Shared.csproj", "{56CF1B65-F7EB-4ABD-831F-87BE6D2F0FE1}"
EndProject
Global
	GlobalSection(SolutionConfigurationPlatforms) = preSolution
		Debug|Any CPU = Debug|Any CPU
		Release|Any CPU = Release|Any CPU
	EndGlobalSection
	GlobalSection(ProjectConfigurationPlatforms) = postSolution
		{AB5E7F26-C1E6-4F85-9661-64FEE9E8A8A1}.Debug|Any CPU.ActiveCfg = Debug|Any CPU
		{AB5E7F26-C1E6-4F85-9661-64FEE9E8A8A1}.Debug|Any CPU.Build.0 = Debug|Any CPU
		{AB5E7F26-C1E6-4F85-9661-64FEE9E8A8A1}.Release|Any CPU.ActiveCfg = Release|Any CPU
		{AB5E7F26-C1E6-4F85-9661-64FEE9E8A8A1}.Release|Any CPU.Build.0 = Release|Any CPU
		{0D718401-7D01-405E-AE16-0D741AC19546}.Debug|Any CPU.ActiveCfg = Debug|Any CPU
		{0D718401-7D01-405E-AE16-0D741AC19546}.Debug|Any CPU.Build.0 = Debug|Any CPU
		{0D718401-7D01-405E-AE16-0D741AC19546}.Release|Any CPU.ActiveCfg = Release|Any CPU
		{0D718401-7D01-405E-AE16-0D741AC19546}.Release|Any CPU.Build.0 = Release|Any CPU
		{56CF1B65-F7EB-4ABD-831F-87BE6D2F0FE1}.Debug|Any CPU.ActiveCfg = Debug|Any CPU
		{56CF1B65-F7EB-4ABD-831F-87BE6D2F0FE1}.Debug|Any CPU.Build.0 = Debug|Any CPU
		{56CF1B65-F7EB-4ABD-831F-87BE6D2F0FE1}.Release|Any CPU.ActiveCfg = Release|Any CPU
		{56CF1B65-F7EB-4ABD-831F-87BE6D2F0FE1}.Release|Any CPU.Build.0 = Release|Any CPU
	EndGlobalSection
	GlobalSection(SolutionProperties) = preSolution
		HideSolutionNode = FALSE
	EndGlobalSection
	GlobalSection(ExtensibilityGlobals) = postSolution
		SolutionGuid = {7A5DCFCE-8E9F-4908-BD58-BF19A9958C45}
	EndGlobalSection
EndGlobal
